
Microsoft Visual Studio Solution File, Format Version 12.00
# Visual Studio Version 17
VisualStudioVersion = 17.0.31903.59
MinimumVisualStudioVersion = 10.0.40219.1
Project("{2150E333-8FDC-42A3-9474-1A3956D46DE8}") = "src", "src", "{827E0CD3-B72D-47B6-A68D-7590B98EB39B}"
EndProject
Project("{FAE04EC0-301F-11D3-BF4B-00C04F79EFBC}") = "TrueRag.Api", "src\TrueRag.Api\TrueRag.Api.csproj", "{7FB34512-C8F1-4A7A-BB48-DCE4D01A839C}"
EndProject
Project("{FAE04EC0-301F-11D3-BF4B-00C04F79EFBC}") = "TrueRag.Core", "src\TrueRag.Core\TrueRag.Core.csproj", "{5208CC72-B31C-48DA-9249-FA55F7EE92AB}"
EndProject
Project("{FAE04EC0-301F-11D3-BF4B-00C04F79EFBC}") = "TrueRag.Ingestion", "src\TrueRag.Ingestion\TrueRag.Ingestion.csproj", "{F4758ACE-486C-4DF0-A2FF-225ED4B66030}"
EndProject
Project("{FAE04EC0-301F-11D3-BF4B-00C04F79EFBC}") = "TrueRag.Storage", "src\TrueRag.Storage\TrueRag.Storage.csproj", "{D99814A6-B4AF-42B1-B765-C004428F51F1}"
EndProject
Project("{FAE04EC0-301F-11D3-BF4B-00C04F79EFBC}") = "TrueRag.Retrieval", "src\TrueRag.Retrieval\TrueRag.Retrieval.csproj", "{B42FC256-794D-4305-9045-CE2A8E73FF61}"
EndProject
Project("{FAE04EC0-301F-11D3-BF4B-00C04F79EFBC}") = "TrueRag.Conversations", "src\TrueRag.Conversations\TrueRag.Conversations.csproj", "{A8648FBD-583C-4F95-A792-8350C9CE9E3D}"
EndProject
Project("{FAE04EC0-301F-11D3-BF4B-00C04F79EFBC}") = "TrueRag.Workers", "src\TrueRag.Workers\TrueRag.Workers.csproj", "{52CE6B5A-65FF-4584-A617-3EC96FFDD12D}"
EndProject
Project("{FAE04EC0-301F-11D3-BF4B-00C04F79EFBC}") = "TrueRag.Host", "src\TrueRag.Host\TrueRag.Host.csproj", "{3CC2ED03-1598-4B28-9ADC-8E2985BB3FC4}"
EndProject
Project("{2150E333-8FDC-42A3-9474-1A3956D46DE8}") = "tests", "tests", "{0AB3BF05-4346-4AA6-1389-037BE0695223}"
EndProject
Project("{FAE04EC0-301F-11D3-BF4B-00C04F79EFBC}") = "TrueRag.UnitTests", "tests\TrueRag.UnitTests\TrueRag.UnitTests.csproj", "{DF9B4BE9-EED9-4061-BB76-FACEB25E8B4D}"
EndProject
Project("{FAE04EC0-301F-11D3-BF4B-00C04F79EFBC}") = "TrueRag.IntegrationTests", "tests\TrueRag.IntegrationTests\TrueRag.IntegrationTests.csproj", "{3FA92B74-D532-4155-8F23-5C2CC6034B14}"
EndProject
Project("{FAE04EC0-301F-11D3-BF4B-00C04F79EFBC}") = "TrueRag.Embeddings", "src\TrueRag.Embeddings\TrueRag.Embeddings.csproj", "{E89758FC-F7C1-4259-A2C7-64438ED34CD1}"
EndProject
Global
	GlobalSection(SolutionConfigurationPlatforms) = preSolution
		Debug|Any CPU = Debug|Any CPU
		Debug|x64 = Debug|x64
		Debug|x86 = Debug|x86
		Release|Any CPU = Release|Any CPU
		Release|x64 = Release|x64
		Release|x86 = Release|x86
	EndGlobalSection
	GlobalSection(ProjectConfigurationPlatforms) = postSolution
		{7FB34512-C8F1-4A7A-BB48-DCE4D01A839C}.Debug|Any CPU.ActiveCfg = Debug|Any CPU
		{7FB34512-C8F1-4A7A-BB48-DCE4D01A839C}.Debug|Any CPU.Build.0 = Debug|Any CPU
		{7FB34512-C8F1-4A7A-BB48-DCE4D01A839C}.Debug|x64.ActiveCfg = Debug|Any CPU
		{7FB34512-C8F1-4A7A-BB48-DCE4D01A839C}.Debug|x64.Build.0 = Debug|Any CPU
		{7FB34512-C8F1-4A7A-BB48-DCE4D01A839C}.Debug|x86.ActiveCfg = Debug|Any CPU
		{7FB34512-C8F1-4A7A-BB48-DCE4D01A839C}.Debug|x86.Build.0 = Debug|Any CPU
		{7FB34512-C8F1-4A7A-BB48-DCE4D01A839C}.Release|Any CPU.ActiveCfg = Release|Any CPU
		{7FB34512-C8F1-4A7A-BB48-DCE4D01A839C}.Release|Any CPU.Build.0 = Release|Any CPU
		{7FB34512-C8F1-4A7A-BB48-DCE4D01A839C}.Release|x64.ActiveCfg = Release|Any CPU
		{7FB34512-C8F1-4A7A-BB48-DCE4D01A839C}.Release|x64.Build.0 = Release|Any CPU
		{7FB34512-C8F1-4A7A-BB48-DCE4D01A839C}.Release|x86.ActiveCfg = Release|Any CPU
		{7FB34512-C8F1-4A7A-BB48-DCE4D01A839C}.Release|x86.Build.0 = Release|Any CPU
		{5208CC72-B31C-48DA-9249-FA55F7EE92AB}.Debug|Any CPU.ActiveCfg = Debug|Any CPU
		{5208CC72-B31C-48DA-9249-FA55F7EE92AB}.Debug|Any CPU.Build.0 = Debug|Any CPU
		{5208CC72-B31C-48DA-9249-FA55F7EE92AB}.Debug|x64.ActiveCfg = Debug|Any CPU
		{5208CC72-B31C-48DA-9249-FA55F7EE92AB}.Debug|x64.Build.0 = Debug|Any CPU
		{5208CC72-B31C-48DA-9249-FA55F7EE92AB}.Debug|x86.ActiveCfg = Debug|Any CPU
		{5208CC72-B31C-48DA-9249-FA55F7EE92AB}.Debug|x86.Build.0 = Debug|Any CPU
		{5208CC72-B31C-48DA-9249-FA55F7EE92AB}.Release|Any CPU.ActiveCfg = Release|Any CPU
		{5208CC72-B31C-48DA-9249-FA55F7EE92AB}.Release|Any CPU.Build.0 = Release|Any CPU
		{5208CC72-B31C-48DA-9249-FA55F7EE92AB}.Release|x64.ActiveCfg = Release|Any CPU
		{5208CC72-B31C-48DA-9249-FA55F7EE92AB}.Release|x64.Build.0 = Release|Any CPU
		{5208CC72-B31C-48DA-9249-FA55F7EE92AB}.Release|x86.ActiveCfg = Release|Any CPU
		{5208CC72-B31C-48DA-9249-FA55F7EE92AB}.Release|x86.Build.0 = Release|Any CPU
		{F4758ACE-486C-4DF0-A2FF-225ED4B66030}.Debug|Any CPU.ActiveCfg = Debug|Any CPU
		{F4758ACE-486C-4DF0-A2FF-225ED4B66030}.Debug|Any CPU.Build.0 = Debug|Any CPU
		{F4758ACE-486C-4DF0-A2FF-225ED4B66030}.Debug|x64.ActiveCfg = Debug|Any CPU
		{F4758ACE-486C-4DF0-A2FF-225ED4B66030}.Debug|x64.Build.0 = Debug|Any CPU
		{F4758ACE-486C-4DF0-A2FF-225ED4B66030}.Debug|x86.ActiveCfg = Debug|Any CPU
		{F4758ACE-486C-4DF0-A2FF-225ED4B66030}.Debug|x86.Build.0 = Debug|Any CPU
		{F4758ACE-486C-4DF0-A2FF-225ED4B66030}.Release|Any CPU.ActiveCfg = Release|Any CPU
		{F4758ACE-486C-4DF0-A2FF-225ED4B66030}.Release|Any CPU.Build.0 = Release|Any CPU
		{F4758ACE-486C-4DF0-A2FF-225ED4B66030}.Release|x64.ActiveCfg = Release|Any CPU
		{F4758ACE-486C-4DF0-A2FF-225ED4B66030}.Release|x64.Build.0 = Release|Any CPU
		{F4758ACE-486C-4DF0-A2FF-225ED4B66030}.Release|x86.ActiveCfg = Release|Any CPU
		{F4758ACE-486C-4DF0-A2FF-225ED4B66030}.Release|x86.Build.0 = Release|Any CPU
		{D99814A6-B4AF-42B1-B765-C004428F51F1}.Debug|Any CPU.ActiveCfg = Debug|Any CPU
		{D99814A6-B4AF-42B1-B765-C004428F51F1}.Debug|Any CPU.Build.0 = Debug|Any CPU
		{D99814A6-B4AF-42B1-B765-C004428F51F1}.Debug|x64.ActiveCfg = Debug|Any CPU
		{D99814A6-B4AF-42B1-B765-C004428F51F1}.Debug|x64.Build.0 = Debug|Any CPU
		{D99814A6-B4AF-42B1-B765-C004428F51F1}.Debug|x86.ActiveCfg = Debug|Any CPU
		{D99814A6-B4AF-42B1-B765-C004428F51F1}.Debug|x86.Build.0 = Debug|Any CPU
		{D99814A6-B4AF-42B1-B765-C004428F51F1}.Release|Any CPU.ActiveCfg = Release|Any CPU
		{D99814A6-B4AF-42B1-B765-C004428F51F1}.Release|Any CPU.Build.0 = Release|Any CPU
		{D99814A6-B4AF-42B1-B765-C004428F51F1}.Release|x64.ActiveCfg = Release|Any CPU
		{D99814A6-B4AF-42B1-B765-C004428F51F1}.Release|x64.Build.0 = Release|Any CPU
		{D99814A6-B4AF-42B1-B765-C004428F51F1}.Release|x86.ActiveCfg = Release|Any CPU
		{D99814A6-B4AF-42B1-B765-C004428F51F1}.Release|x86.Build.0 = Release|Any CPU
		{B42FC256-794D-4305-9045-CE2A8E73FF61}.Debug|Any CPU.ActiveCfg = Debug|Any CPU
		{B42FC256-794D-4305-9045-CE2A8E73FF61}.Debug|Any CPU.Build.0 = Debug|Any CPU
		{B42FC256-794D-4305-9045-CE2A8E73FF61}.Debug|x64.ActiveCfg = Debug|Any CPU
		{B42FC256-794D-4305-9045-CE2A8E73FF61}.Debug|x64.Build.0 = Debug|Any CPU
		{B42FC256-794D-4305-9045-CE2A8E73FF61}.Debug|x86.ActiveCfg = Debug|Any CPU
		{B42FC256-794D-4305-9045-CE2A8E73FF61}.Debug|x86.Build.0 = Debug|Any CPU
		{B42FC256-794D-4305-9045-CE2A8E73FF61}.Release|Any CPU.ActiveCfg = Release|Any CPU
		{B42FC256-794D-4305-9045-CE2A8E73FF61}.Release|Any CPU.Build.0 = Release|Any CPU
		{B42FC256-794D-4305-9045-CE2A8E73FF61}.Release|x64.ActiveCfg = Release|Any CPU
		{B42FC256-794D-4305-9045-CE2A8E73FF61}.Release|x64.Build.0 = Release|Any CPU
		{B42FC256-794D-4305-9045-CE2A8E73FF61}.Release|x86.ActiveCfg = Release|Any CPU
		{B42FC256-794D-4305-9045-CE2A8E73FF61}.Release|x86.Build.0 = Release|Any CPU
		{A8648FBD-583C-4F95-A792-8350C9CE9E3D}.Debug|Any CPU.ActiveCfg = Debug|Any CPU
		{A8648FBD-583C-4F95-A792-8350C9CE9E3D}.Debug|Any CPU.Build.0 = Debug|Any CPU
		{A8648FBD-583C-4F95-A792-8350C9CE9E3D}.Debug|x64.ActiveCfg = Debug|Any CPU
		{A8648FBD-583C-4F95-A792-8350C9CE9E3D}.Debug|x64.Build.0 = Debug|Any CPU
		{A8648FBD-583C-4F95-A792-8350C9CE9E3D}.Debug|x86.ActiveCfg = Debug|Any CPU
		{A8648FBD-583C-4F95-A792-8350C9CE9E3D}.Debug|x86.Build.0 = Debug|Any CPU
		{A8648FBD-583C-4F95-A792-8350C9CE9E3D}.Release|Any CPU.ActiveCfg = Release|Any CPU
		{A8648FBD-583C-4F95-A792-8350C9CE9E3D}.Release|Any CPU.Build.0 = Release|Any CPU
		{A8648FBD-583C-4F95-A792-8350C9CE9E3D}.Release|x64.ActiveCfg = Release|Any CPU
		{A8648FBD-583C-4F95-A792-8350C9CE9E3D}.Release|x64.Build.0 = Release|Any CPU
		{A8648FBD-583C-4F95-A792-8350C9CE9E3D}.Release|x86.ActiveCfg = Release|Any CPU
		{A8648FBD-583C-4F95-A792-8350C9CE9E3D}.Release|x86.Build.0 = Release|Any CPU
		{52CE6B5A-65FF-4584-A617-3EC96FFDD12D}.Debug|Any CPU.ActiveCfg = Debug|Any CPU
		{52CE6B5A-65FF-4584-A617-3EC96FFDD12D}.Debug|Any CPU.Build.0 = Debug|Any CPU
		{52CE6B5A-65FF-4584-A617-3EC96FFDD12D}.Debug|x64.ActiveCfg = Debug|Any CPU
		{52CE6B5A-65FF-4584-A617-3EC96FFDD12D}.Debug|x64.Build.0 = Debug|Any CPU
		{52CE6B5A-65FF-4584-A617-3EC96FFDD12D}.Debug|x86.ActiveCfg = Debug|Any CPU
		{52CE6B5A-65FF-4584-A617-3EC96FFDD12D}.Debug|x86.Build.0 = Debug|Any CPU
		{52CE6B5A-65FF-4584-A617-3EC96FFDD12D}.Release|Any CPU.ActiveCfg = Release|Any CPU
		{52CE6B5A-65FF-4584-A617-3EC96FFDD12D}.Release|Any CPU.Build.0 = Release|Any CPU
		{52CE6B5A-65FF-4584-A617-3EC96FFDD12D}.Release|x64.ActiveCfg = Release|Any CPU
		{52CE6B5A-65FF-4584-A617-3EC96FFDD12D}.Release|x64.Build.0 = Release|Any CPU
		{52CE6B5A-65FF-4584-A617-3EC96FFDD12D}.Release|x86.ActiveCfg = Release|Any CPU
		{52CE6B5A-65FF-4584-A617-3EC96FFDD12D}.Release|x86.Build.0 = Release|Any CPU
		{3CC2ED03-1598-4B28-9ADC-8E2985BB3FC4}.Debug|Any CPU.ActiveCfg = Debug|Any CPU
		{3CC2ED03-1598-4B28-9ADC-8E2985BB3FC4}.Debug|Any CPU.Build.0 = Debug|Any CPU
		{3CC2ED03-1598-4B28-9ADC-8E2985BB3FC4}.Debug|x64.ActiveCfg = Debug|Any CPU
		{3CC2ED03-1598-4B28-9ADC-8E2985BB3FC4}.Debug|x64.Build.0 = Debug|Any CPU
		{3CC2ED03-1598-4B28-9ADC-8E2985BB3FC4}.Debug|x86.ActiveCfg = Debug|Any CPU
		{3CC2ED03-1598-4B28-9ADC-8E2985BB3FC4}.Debug|x86.Build.0 = Debug|Any CPU
		{3CC2ED03-1598-4B28-9ADC-8E2985BB3FC4}.Release|Any CPU.ActiveCfg = Release|Any CPU
		{3CC2ED03-1598-4B28-9ADC-8E2985BB3FC4}.Release|Any CPU.Build.0 = Release|Any CPU
		{3CC2ED03-1598-4B28-9ADC-8E2985BB3FC4}.Release|x64.ActiveCfg = Release|Any CPU
		{3CC2ED03-1598-4B28-9ADC-8E2985BB3FC4}.Release|x64.Build.0 = Release|Any CPU
		{3CC2ED03-1598-4B28-9ADC-8E2985BB3FC4}.Release|x86.ActiveCfg = Release|Any CPU
		{3CC2ED03-1598-4B28-9ADC-8E2985BB3FC4}.Release|x86.Build.0 = Release|Any CPU
		{DF9B4BE9-EED9-4061-BB76-FACEB25E8B4D}.Debug|Any CPU.ActiveCfg = Debug|Any CPU
		{DF9B4BE9-EED9-4061-BB76-FACEB25E8B4D}.Debug|Any CPU.Build.0 = Debug|Any CPU
		{DF9B4BE9-EED9-4061-BB76-FACEB25E8B4D}.Debug|x64.ActiveCfg = Debug|Any CPU
		{DF9B4BE9-EED9-4061-BB76-FACEB25E8B4D}.Debug|x64.Build.0 = Debug|Any CPU
		{DF9B4BE9-EED9-4061-BB76-FACEB25E8B4D}.Debug|x86.ActiveCfg = Debug|Any CPU
		{DF9B4BE9-EED9-4061-BB76-FACEB25E8B4D}.Debug|x86.Build.0 = Debug|Any CPU
		{DF9B4BE9-EED9-4061-BB76-FACEB25E8B4D}.Release|Any CPU.ActiveCfg = Release|Any CPU
		{DF9B4BE9-EED9-4061-BB76-FACEB25E8B4D}.Release|Any CPU.Build.0 = Release|Any CPU
		{DF9B4BE9-EED9-4061-BB76-FACEB25E8B4D}.Release|x64.ActiveCfg = Release|Any CPU
		{DF9B4BE9-EED9-4061-BB76-FACEB25E8B4D}.Release|x64.Build.0 = Release|Any CPU
		{DF9B4BE9-EED9-4061-BB76-FACEB25E8B4D}.Release|x86.ActiveCfg = Release|Any CPU
		{DF9B4BE9-EED9-4061-BB76-FACEB25E8B4D}.Release|x86.Build.0 = Release|Any CPU
		{3FA92B74-D532-4155-8F23-5C2CC6034B14}.Debug|Any CPU.ActiveCfg = Debug|Any CPU
		{3FA92B74-D532-4155-8F23-5C2CC6034B14}.Debug|Any CPU.Build.0 = Debug|Any CPU
		{3FA92B74-D532-4155-8F23-5C2CC6034B14}.Debug|x64.ActiveCfg = Debug|Any CPU
		{3FA92B74-D532-4155-8F23-5C2CC6034B14}.Debug|x64.Build.0 = Debug|Any CPU
		{3FA92B74-D532-4155-8F23-5C2CC6034B14}.Debug|x86.ActiveCfg = Debug|Any CPU
		{3FA92B74-D532-4155-8F23-5C2CC6034B14}.Debug|x86.Build.0 = Debug|Any CPU
		{3FA92B74-D532-4155-8F23-5C2CC6034B14}.Release|Any CPU.ActiveCfg = Release|Any CPU
		{3FA92B74-D532-4155-8F23-5C2CC6034B14}.Release|Any CPU.Build.0 = Release|Any CPU
		{3FA92B74-D532-4155-8F23-5C2CC6034B14}.Release|x64.ActiveCfg = Release|Any CPU
		{3FA92B74-D532-4155-8F23-5C2CC6034B14}.Release|x64.Build.0 = Release|Any CPU
		{3FA92B74-D532-4155-8F23-5C2CC6034B14}.Release|x86.ActiveCfg = Release|Any CPU
		{3FA92B74-D532-4155-8F23-5C2CC6034B14}.Release|x86.Build.0 = Release|Any CPU
		{E89758FC-F7C1-4259-A2C7-64438ED34CD1}.Debug|Any CPU.ActiveCfg = Debug|Any CPU
		{E89758FC-F7C1-4259-A2C7-64438ED34CD1}.Debug|Any CPU.Build.0 = Debug|Any CPU
		{E89758FC-F7C1-4259-A2C7-64438ED34CD1}.Debug|x64.ActiveCfg = Debug|Any CPU
		{E89758FC-F7C1-4259-A2C7-64438ED34CD1}.Debug|x64.Build.0 = Debug|Any CPU
		{E89758FC-F7C1-4259-A2C7-64438ED34CD1}.Debug|x86.ActiveCfg = Debug|Any CPU
		{E89758FC-F7C1-4259-A2C7-64438ED34CD1}.Debug|x86.Build.0 = Debug|Any CPU
		{E89758FC-F7C1-4259-A2C7-64438ED34CD1}.Release|Any CPU.ActiveCfg = Release|Any CPU
		{E89758FC-F7C1-4259-A2C7-64438ED34CD1}.Release|Any CPU.Build.0 = Release|Any CPU
		{E89758FC-F7C1-4259-A2C7-64438ED34CD1}.Release|x64.ActiveCfg = Release|Any CPU
		{E89758FC-F7C1-4259-A2C7-64438ED34CD1}.Release|x64.Build.0 = Release|Any CPU
		{E89758FC-F7C1-4259-A2C7-64438ED34CD1}.Release|x86.ActiveCfg = Release|Any CPU
		{E89758FC-F7C1-4259-A2C7-64438ED34CD1}.Release|x86.Build.0 = Release|Any CPU
	EndGlobalSection
	GlobalSection(SolutionProperties) = preSolution
		HideSolutionNode = FALSE
	EndGlobalSection
	GlobalSection(NestedProjects) = preSolution
		{7FB34512-C8F1-4A7A-BB48-DCE4D01A839C} = {827E0CD3-B72D-47B6-A68D-7590B98EB39B}
		{5208CC72-B31C-48DA-9249-FA55F7EE92AB} = {827E0CD3-B72D-47B6-A68D-7590B98EB39B}
		{F4758ACE-486C-4DF0-A2FF-225ED4B66030} = {827E0CD3-B72D-47B6-A68D-7590B98EB39B}
		{D99814A6-B4AF-42B1-B765-C004428F51F1} = {827E0CD3-B72D-47B6-A68D-7590B98EB39B}
		{B42FC256-794D-4305-9045-CE2A8E73FF61} = {827E0CD3-B72D-47B6-A68D-7590B98EB39B}
		{A8648FBD-583C-4F95-A792-8350C9CE9E3D} = {827E0CD3-B72D-47B6-A68D-7590B98EB39B}
		{52CE6B5A-65FF-4584-A617-3EC96FFDD12D} = {827E0CD3-B72D-47B6-A68D-7590B98EB39B}
		{3CC2ED03-1598-4B28-9ADC-8E2985BB3FC4} = {827E0CD3-B72D-47B6-A68D-7590B98EB39B}
		{DF9B4BE9-EED9-4061-BB76-FACEB25E8B4D} = {0AB3BF05-4346-4AA6-1389-037BE0695223}
		{3FA92B74-D532-4155-8F23-5C2CC6034B14} = {0AB3BF05-4346-4AA6-1389-037BE0695223}
		{E89758FC-F7C1-4259-A2C7-64438ED34CD1} = {827E0CD3-B72D-47B6-A68D-7590B98EB39B}
	EndGlobalSection
EndGlobal
